
Microsoft Visual Studio Solution File, Format Version 12.00
# Visual Studio 15
VisualStudioVersion = 15.0.26124.0
MinimumVisualStudioVersion = 15.0.26124.0
Project("{FAE04EC0-301F-11D3-BF4B-00C04F79EFBC}") = "DotnetCrawler.Core", "DotnetCrawler.Core\DotnetCrawler.Core.csproj", "{48449449-45D2-42F2-AB26-9B87E20025F9}"
EndProject
Project("{FAE04EC0-301F-11D3-BF4B-00C04F79EFBC}") = "DotnetCrawler.Data", "DotnetCrawler.Data\DotnetCrawler.Data.csproj", "{42DCF1DD-C9E3-42DD-973B-E1EE67C07584}"
EndProject
Project("{FAE04EC0-301F-11D3-BF4B-00C04F79EFBC}") = "DotnetCrawler.Downloader", "DotnetCrawler.Downloader\DotnetCrawler.Downloader.csproj", "{0AC7AFC5-6D98-4A3C-8223-F05B10CBDEC5}"
EndProject
Project("{FAE04EC0-301F-11D3-BF4B-00C04F79EFBC}") = "DotnetCrawler.Pipeline", "DotnetCrawler.Pipeline\DotnetCrawler.Pipeline.csproj", "{C27F0C76-6A6D-480D-BE4D-1B25EF288042}"
EndProject
Project("{FAE04EC0-301F-11D3-BF4B-00C04F79EFBC}") = "DotnetCrawler.Processor", "DotnetCrawler.Processor\DotnetCrawler.Processor.csproj", "{DC7E41FD-CC1D-43F7-85D5-9E5076094883}"
EndProject
Project("{FAE04EC0-301F-11D3-BF4B-00C04F79EFBC}") = "DotnetCrawler.Request", "DotnetCrawler.Request\DotnetCrawler.Request.csproj", "{0802F487-3CEC-4C06-B67C-A319A91FDACF}"
EndProject
Project("{FAE04EC0-301F-11D3-BF4B-00C04F79EFBC}") = "DotnetCrawler.Sample", "DotnetCrawler.Sample\DotnetCrawler.Sample.csproj", "{FCF9CA87-24B7-47FB-96D9-FF6F7ACA3731}"
EndProject
Project("{FAE04EC0-301F-11D3-BF4B-00C04F79EFBC}") = "DotnetCrawler.Scheduler", "DotnetCrawler.Scheduler\DotnetCrawler.Scheduler.csproj", "{574BCB1C-124C-4760-A80E-7D792B9DE4A6}"
EndProject
Global
	GlobalSection(SolutionConfigurationPlatforms) = preSolution
		Debug|Any CPU = Debug|Any CPU
		Debug|x64 = Debug|x64
		Debug|x86 = Debug|x86
		Release|Any CPU = Release|Any CPU
		Release|x64 = Release|x64
		Release|x86 = Release|x86
	EndGlobalSection
	GlobalSection(SolutionProperties) = preSolution
		HideSolutionNode = FALSE
	EndGlobalSection
	GlobalSection(ProjectConfigurationPlatforms) = postSolution
		{48449449-45D2-42F2-AB26-9B87E20025F9}.Debug|Any CPU.ActiveCfg = Debug|Any CPU
		{48449449-45D2-42F2-AB26-9B87E20025F9}.Debug|Any CPU.Build.0 = Debug|Any CPU
		{48449449-45D2-42F2-AB26-9B87E20025F9}.Debug|x64.ActiveCfg = Debug|Any CPU
		{48449449-45D2-42F2-AB26-9B87E20025F9}.Debug|x64.Build.0 = Debug|Any CPU
		{48449449-45D2-42F2-AB26-9B87E20025F9}.Debug|x86.ActiveCfg = Debug|Any CPU
		{48449449-45D2-42F2-AB26-9B87E20025F9}.Debug|x86.Build.0 = Debug|Any CPU
		{48449449-45D2-42F2-AB26-9B87E20025F9}.Release|Any CPU.ActiveCfg = Release|Any CPU
		{48449449-45D2-42F2-AB26-9B87E20025F9}.Release|Any CPU.Build.0 = Release|Any CPU
		{48449449-45D2-42F2-AB26-9B87E20025F9}.Release|x64.ActiveCfg = Release|Any CPU
		{48449449-45D2-42F2-AB26-9B87E20025F9}.Release|x64.Build.0 = Release|Any CPU
		{48449449-45D2-42F2-AB26-9B87E20025F9}.Release|x86.ActiveCfg = Release|Any CPU
		{48449449-45D2-42F2-AB26-9B87E20025F9}.Release|x86.Build.0 = Release|Any CPU
		{42DCF1DD-C9E3-42DD-973B-E1EE67C07584}.Debug|Any CPU.ActiveCfg = Debug|Any CPU
		{42DCF1DD-C9E3-42DD-973B-E1EE67C07584}.Debug|Any CPU.Build.0 = Debug|Any CPU
		{42DCF1DD-C9E3-42DD-973B-E1EE67C07584}.Debug|x64.ActiveCfg = Debug|Any CPU
		{42DCF1DD-C9E3-42DD-973B-E1EE67C07584}.Debug|x64.Build.0 = Debug|Any CPU
		{42DCF1DD-C9E3-42DD-973B-E1EE67C07584}.Debug|x86.ActiveCfg = Debug|Any CPU
		{42DCF1DD-C9E3-42DD-973B-E1EE67C07584}.Debug|x86.Build.0 = Debug|Any CPU
		{42DCF1DD-C9E3-42DD-973B-E1EE67C07584}.Release|Any CPU.ActiveCfg = Release|Any CPU
		{42DCF1DD-C9E3-42DD-973B-E1EE67C07584}.Release|Any CPU.Build.0 = Release|Any CPU
		{42DCF1DD-C9E3-42DD-973B-E1EE67C07584}.Release|x64.ActiveCfg = Release|Any CPU
		{42DCF1DD-C9E3-42DD-973B-E1EE67C07584}.Release|x64.Build.0 = Release|Any CPU
		{42DCF1DD-C9E3-42DD-973B-E1EE67C07584}.Release|x86.ActiveCfg = Release|Any CPU
		{42DCF1DD-C9E3-42DD-973B-E1EE67C07584}.Release|x86.Build.0 = Release|Any CPU
		{0AC7AFC5-6D98-4A3C-8223-F05B10CBDEC5}.Debug|Any CPU.ActiveCfg = Debug|Any CPU
		{0AC7AFC5-6D98-4A3C-8223-F05B10CBDEC5}.Debug|Any CPU.Build.0 = Debug|Any CPU
		{0AC7AFC5-6D98-4A3C-8223-F05B10CBDEC5}.Debug|x64.ActiveCfg = Debug|Any CPU
		{0AC7AFC5-6D98-4A3C-8223-F05B10CBDEC5}.Debug|x64.Build.0 = Debug|Any CPU
		{0AC7AFC5-6D98-4A3C-8223-F05B10CBDEC5}.Debug|x86.ActiveCfg = Debug|Any CPU
		{0AC7AFC5-6D98-4A3C-8223-F05B10CBDEC5}.Debug|x86.Build.0 = Debug|Any CPU
		{0AC7AFC5-6D98-4A3C-8223-F05B10CBDEC5}.Release|Any CPU.ActiveCfg = Release|Any CPU
		{0AC7AFC5-6D98-4A3C-8223-F05B10CBDEC5}.Release|Any CPU.Build.0 = Release|Any CPU
		{0AC7AFC5-6D98-4A3C-8223-F05B10CBDEC5}.Release|x64.ActiveCfg = Release|Any CPU
		{0AC7AFC5-6D98-4A3C-8223-F05B10CBDEC5}.Release|x64.Build.0 = Release|Any CPU
		{0AC7AFC5-6D98-4A3C-8223-F05B10CBDEC5}.Release|x86.ActiveCfg = Release|Any CPU
		{0AC7AFC5-6D98-4A3C-8223-F05B10CBDEC5}.Release|x86.Build.0 = Release|Any CPU
		{C27F0C76-6A6D-480D-BE4D-1B25EF288042}.Debug|Any CPU.ActiveCfg = Debug|Any CPU
		{C27F0C76-6A6D-480D-BE4D-1B25EF288042}.Debug|Any CPU.Build.0 = Debug|Any CPU
		{C27F0C76-6A6D-480D-BE4D-1B25EF288042}.Debug|x64.ActiveCfg = Debug|Any CPU
		{C27F0C76-6A6D-480D-BE4D-1B25EF288042}.Debug|x64.Build.0 = Debug|Any CPU
		{C27F0C76-6A6D-480D-BE4D-1B25EF288042}.Debug|x86.ActiveCfg = Debug|Any CPU
		{C27F0C76-6A6D-480D-BE4D-1B25EF288042}.Debug|x86.Build.0 = Debug|Any CPU
		{C27F0C76-6A6D-480D-BE4D-1B25EF288042}.Release|Any CPU.ActiveCfg = Release|Any CPU
		{C27F0C76-6A6D-480D-BE4D-1B25EF288042}.Release|Any CPU.Build.0 = Release|Any CPU
		{C27F0C76-6A6D-480D-BE4D-1B25EF288042}.Release|x64.ActiveCfg = Release|Any CPU
		{C27F0C76-6A6D-480D-BE4D-1B25EF288042}.Release|x64.Build.0 = Release|Any CPU
		{C27F0C76-6A6D-480D-BE4D-1B25EF288042}.Release|x86.ActiveCfg = Release|Any CPU
		{C27F0C76-6A6D-480D-BE4D-1B25EF288042}.Release|x86.Build.0 = Release|Any CPU
		{DC7E41FD-CC1D-43F7-85D5-9E5076094883}.Debug|Any CPU.ActiveCfg = Debug|Any CPU
		{DC7E41FD-CC1D-43F7-85D5-9E5076094883}.Debug|Any CPU.Build.0 = Debug|Any CPU
		{DC7E41FD-CC1D-43F7-85D5-9E5076094883}.Debug|x64.ActiveCfg = Debug|Any CPU
		{DC7E41FD-CC1D-43F7-85D5-9E5076094883}.Debug|x64.Build.0 = Debug|Any CPU
		{DC7E41FD-CC1D-43F7-85D5-9E5076094883}.Debug|x86.ActiveCfg = Debug|Any CPU
		{DC7E41FD-CC1D-43F7-85D5-9E5076094883}.Debug|x86.Build.0 = Debug|Any CPU
		{DC7E41FD-CC1D-43F7-85D5-9E5076094883}.Release|Any CPU.ActiveCfg = Release|Any CPU
		{DC7E41FD-CC1D-43F7-85D5-9E5076094883}.Release|Any CPU.Build.0 = Release|Any CPU
		{DC7E41FD-CC1D-43F7-85D5-9E5076094883}.Release|x64.ActiveCfg = Release|Any CPU
		{DC7E41FD-CC1D-43F7-85D5-9E5076094883}.Release|x64.Build.0 = Release|Any CPU
		{DC7E41FD-CC1D-43F7-85D5-9E5076094883}.Release|x86.ActiveCfg = Release|Any CPU
		{DC7E41FD-CC1D-43F7-85D5-9E5076094883}.Release|x86.Build.0 = Release|Any CPU
		{0802F487-3CEC-4C06-B67C-A319A91FDACF}.Debug|Any CPU.ActiveCfg = Debug|Any CPU
		{0802F487-3CEC-4C06-B67C-A319A91FDACF}.Debug|Any CPU.Build.0 = Debug|Any CPU
		{0802F487-3CEC-4C06-B67C-A319A91FDACF}.Debug|x64.ActiveCfg = Debug|Any CPU
		{0802F487-3CEC-4C06-B67C-A319A91FDACF}.Debug|x64.Build.0 = Debug|Any CPU
		{0802F487-3CEC-4C06-B67C-A319A91FDACF}.Debug|x86.ActiveCfg = Debug|Any CPU
		{0802F487-3CEC-4C06-B67C-A319A91FDACF}.Debug|x86.Build.0 = Debug|Any CPU
		{0802F487-3CEC-4C06-B67C-A319A91FDACF}.Release|Any CPU.ActiveCfg = Release|Any CPU
		{0802F487-3CEC-4C06-B67C-A319A91FDACF}.Release|Any CPU.Build.0 = Release|Any CPU
		{0802F487-3CEC-4C06-B67C-A319A91FDACF}.Release|x64.ActiveCfg = Release|Any CPU
		{0802F487-3CEC-4C06-B67C-A319A91FDACF}.Release|x64.Build.0 = Release|Any CPU
		{0802F487-3CEC-4C06-B67C-A319A91FDACF}.Release|x86.ActiveCfg = Release|Any CPU
		{0802F487-3CEC-4C06-B67C-A319A91FDACF}.Release|x86.Build.0 = Release|Any CPU
		{FCF9CA87-24B7-47FB-96D9-FF6F7ACA3731}.Debug|Any CPU.ActiveCfg = Debug|Any CPU
		{FCF9CA87-24B7-47FB-96D9-FF6F7ACA3731}.Debug|Any CPU.Build.0 = Debug|Any CPU
		{FCF9CA87-24B7-47FB-96D9-FF6F7ACA3731}.Debug|x64.ActiveCfg = Debug|Any CPU
		{FCF9CA87-24B7-47FB-96D9-FF6F7ACA3731}.Debug|x64.Build.0 = Debug|Any CPU
		{FCF9CA87-24B7-47FB-96D9-FF6F7ACA3731}.Debug|x86.ActiveCfg = Debug|Any CPU
		{FCF9CA87-24B7-47FB-96D9-FF6F7ACA3731}.Debug|x86.Build.0 = Debug|Any CPU
		{FCF9CA87-24B7-47FB-96D9-FF6F7ACA3731}.Release|Any CPU.ActiveCfg = Release|Any CPU
		{FCF9CA87-24B7-47FB-96D9-FF6F7ACA3731}.Release|Any CPU.Build.0 = Release|Any CPU
		{FCF9CA87-24B7-47FB-96D9-FF6F7ACA3731}.Release|x64.ActiveCfg = Release|Any CPU
		{FCF9CA87-24B7-47FB-96D9-FF6F7ACA3731}.Release|x64.Build.0 = Release|Any CPU
		{FCF9CA87-24B7-47FB-96D9-FF6F7ACA3731}.Release|x86.ActiveCfg = Release|Any CPU
		{FCF9CA87-24B7-47FB-96D9-FF6F7ACA3731}.Release|x86.Build.0 = Release|Any CPU
		{574BCB1C-124C-4760-A80E-7D792B9DE4A6}.Debug|Any CPU.ActiveCfg = Debug|Any CPU
		{574BCB1C-124C-4760-A80E-7D792B9DE4A6}.Debug|Any CPU.Build.0 = Debug|Any CPU
		{574BCB1C-124C-4760-A80E-7D792B9DE4A6}.Debug|x64.ActiveCfg = Debug|Any CPU
		{574BCB1C-124C-4760-A80E-7D792B9DE4A6}.Debug|x64.Build.0 = Debug|Any CPU
		{574BCB1C-124C-4760-A80E-7D792B9DE4A6}.Debug|x86.ActiveCfg = Debug|Any CPU
		{574BCB1C-124C-4760-A80E-7D792B9DE4A6}.Debug|x86.Build.0 = Debug|Any CPU
		{574BCB1C-124C-4760-A80E-7D792B9DE4A6}.Release|Any CPU.ActiveCfg = Release|Any CPU
		{574BCB1C-124C-4760-A80E-7D792B9DE4A6}.Release|Any CPU.Build.0 = Release|Any CPU
		{574BCB1C-124C-4760-A80E-7D792B9DE4A6}.Release|x64.ActiveCfg = Release|Any CPU
		{574BCB1C-124C-4760-A80E-7D792B9DE4A6}.Release|x64.Build.0 = Release|Any CPU
		{574BCB1C-124C-4760-A80E-7D792B9DE4A6}.Release|x86.ActiveCfg = Release|Any CPU
		{574BCB1C-124C-4760-A80E-7D792B9DE4A6}.Release|x86.Build.0 = Release|Any CPU
	EndGlobalSection
EndGlobal
